// !$*UTF8*$!
{
	archiveVersion = 1;
	classes = {
	};
	objectVersion = 52;
	objects = {

/* Begin PBXBuildFile section */
		5E2C969A25DB014E004BD4DD /* WeatherSwiftUIApp.swift in Sources */ = {isa = PBXBuildFile; fileRef = 5E2C969925DB014E004BD4DD /* WeatherSwiftUIApp.swift */; };
		5E2C969C25DB014E004BD4DD /* ContentView.swift in Sources */ = {isa = PBXBuildFile; fileRef = 5E2C969B25DB014E004BD4DD /* ContentView.swift */; };
		5E2C969E25DB0152004BD4DD /* Assets.xcassets in Resources */ = {isa = PBXBuildFile; fileRef = 5E2C969D25DB0152004BD4DD /* Assets.xcassets */; };
		5E2C96A125DB0152004BD4DD /* Preview Assets.xcassets in Resources */ = {isa = PBXBuildFile; fileRef = 5E2C96A025DB0152004BD4DD /* Preview Assets.xcassets */; };
		5E2C96AF25DBE279004BD4DD /* API.swift in Sources */ = {isa = PBXBuildFile; fileRef = 5E2C96AE25DBE279004BD4DD /* API.swift */; };
		5E2C96B325DBE377004BD4DD /* API+Extensions.swift in Sources */ = {isa = PBXBuildFile; fileRef = 5E2C96B225DBE377004BD4DD /* API+Extensions.swift */; };
		5E2C96B625DC14F0004BD4DD /* NetworkManager.swift in Sources */ = {isa = PBXBuildFile; fileRef = 5E2C96B525DC14F0004BD4DD /* NetworkManager.swift */; };
		5E2C96B925DC6682004BD4DD /* WeatherResponse.swift in Sources */ = {isa = PBXBuildFile; fileRef = 5E2C96B825DC6682004BD4DD /* WeatherResponse.swift */; };
		5E2C96BC25DC6800004BD4DD /* Weather.swift in Sources */ = {isa = PBXBuildFile; fileRef = 5E2C96BB25DC6800004BD4DD /* Weather.swift */; };
		5E2C96BF25DC6822004BD4DD /* WeatherDetail.swift in Sources */ = {isa = PBXBuildFile; fileRef = 5E2C96BE25DC6822004BD4DD /* WeatherDetail.swift */; };
		5E2C96C225DC6885004BD4DD /* DailyWeather.swift in Sources */ = {isa = PBXBuildFile; fileRef = 5E2C96C125DC6885004BD4DD /* DailyWeather.swift */; };
		5E2C96C525DC6968004BD4DD /* Temperature.swift in Sources */ = {isa = PBXBuildFile; fileRef = 5E2C96C425DC6968004BD4DD /* Temperature.swift */; };
		5E2C96C825DD21F5004BD4DD /* CityViewModel.swift in Sources */ = {isa = PBXBuildFile; fileRef = 5E2C96C725DD21F5004BD4DD /* CityViewModel.swift */; };
		5E2C96CC25DDAC54004BD4DD /* Lottie in Frameworks */ = {isa = PBXBuildFile; productRef = 5E2C96CB25DDAC54004BD4DD /* Lottie */; };
		5E2C96CF25DDB0E4004BD4DD /* LottieView.swift in Sources */ = {isa = PBXBuildFile; fileRef = 5E2C96CE25DDB0E4004BD4DD /* LottieView.swift */; };
		5E2C96E325DE3C50004BD4DD /* nightShowerRains.json in Resources */ = {isa = PBXBuildFile; fileRef = 5E2C96D125DE3C4F004BD4DD /* nightShowerRains.json */; };
		5E2C96E425DE3C50004BD4DD /* daySnow.json in Resources */ = {isa = PBXBuildFile; fileRef = 5E2C96D225DE3C4F004BD4DD /* daySnow.json */; };
		5E2C96E525DE3C50004BD4DD /* dayBrokenClouds.json in Resources */ = {isa = PBXBuildFile; fileRef = 5E2C96D325DE3C4F004BD4DD /* dayBrokenClouds.json */; };
		5E2C96E625DE3C50004BD4DD /* dayThunderstorm.json in Resources */ = {isa = PBXBuildFile; fileRef = 5E2C96D425DE3C4F004BD4DD /* dayThunderstorm.json */; };
		5E2C96E725DE3C50004BD4DD /* dayRain.json in Resources */ = {isa = PBXBuildFile; fileRef = 5E2C96D525DE3C4F004BD4DD /* dayRain.json */; };
		5E2C96E825DE3C50004BD4DD /* nightClearSky.json in Resources */ = {isa = PBXBuildFile; fileRef = 5E2C96D625DE3C4F004BD4DD /* nightClearSky.json */; };
		5E2C96E925DE3C50004BD4DD /* dayClearSky.json in Resources */ = {isa = PBXBuildFile; fileRef = 5E2C96D725DE3C4F004BD4DD /* dayClearSky.json */; };
		5E2C96EA25DE3C50004BD4DD /* nightBrokenClouds.json in Resources */ = {isa = PBXBuildFile; fileRef = 5E2C96D825DE3C50004BD4DD /* nightBrokenClouds.json */; };
		5E2C96EB25DE3C50004BD4DD /* nightFewClouds.json in Resources */ = {isa = PBXBuildFile; fileRef = 5E2C96D925DE3C50004BD4DD /* nightFewClouds.json */; };
		5E2C96EC25DE3C50004BD4DD /* dayFewClouds.json in Resources */ = {isa = PBXBuildFile; fileRef = 5E2C96DA25DE3C50004BD4DD /* dayFewClouds.json */; };
		5E2C96ED25DE3C50004BD4DD /* dayShowerRains.json in Resources */ = {isa = PBXBuildFile; fileRef = 5E2C96DB25DE3C50004BD4DD /* dayShowerRains.json */; };
		5E2C96EE25DE3C50004BD4DD /* nightScatteredClouds.json in Resources */ = {isa = PBXBuildFile; fileRef = 5E2C96DC25DE3C50004BD4DD /* nightScatteredClouds.json */; };
		5E2C96EF25DE3C50004BD4DD /* dayMist.json in Resources */ = {isa = PBXBuildFile; fileRef = 5E2C96DD25DE3C50004BD4DD /* dayMist.json */; };
		5E2C96F025DE3C50004BD4DD /* dayScatteredClouds.json in Resources */ = {isa = PBXBuildFile; fileRef = 5E2C96DE25DE3C50004BD4DD /* dayScatteredClouds.json */; };
		5E2C96F125DE3C50004BD4DD /* nightSnow.json in Resources */ = {isa = PBXBuildFile; fileRef = 5E2C96DF25DE3C50004BD4DD /* nightSnow.json */; };
		5E2C96F225DE3C50004BD4DD /* nightMist.json in Resources */ = {isa = PBXBuildFile; fileRef = 5E2C96E025DE3C50004BD4DD /* nightMist.json */; };
		5E2C96F325DE3C50004BD4DD /* nightRain.json in Resources */ = {isa = PBXBuildFile; fileRef = 5E2C96E125DE3C50004BD4DD /* nightRain.json */; };
		5E2C96F425DE3C50004BD4DD /* nightThunderstorm.json in Resources */ = {isa = PBXBuildFile; fileRef = 5E2C96E225DE3C50004BD4DD /* nightThunderstorm.json */; };
		5E2C96F725DE52DE004BD4DD /* MenuHeaderView.swift in Sources */ = {isa = PBXBuildFile; fileRef = 5E2C96F625DE52DE004BD4DD /* MenuHeaderView.swift */; };
		5E2C96FA25DE5AC4004BD4DD /* CityNameView.swift in Sources */ = {isa = PBXBuildFile; fileRef = 5E2C96F925DE5AC4004BD4DD /* CityNameView.swift */; };
		5E7F196925DE7BEB00A075FE /* TodayWeatherView.swift in Sources */ = {isa = PBXBuildFile; fileRef = 5E7F196825DE7BEB00A075FE /* TodayWeatherView.swift */; };
		5E89A09B25DEBE0100F31241 /* HourlyWeatherView.swift in Sources */ = {isa = PBXBuildFile; fileRef = 5E89A09A25DEBE0100F31241 /* HourlyWeatherView.swift */; };
/* End PBXBuildFile section */

/* Begin PBXFileReference section */
		5E2C969625DB014E004BD4DD /* WeatherSwiftUI.app */ = {isa = PBXFileReference; explicitFileType = wrapper.application; includeInIndex = 0; path = WeatherSwiftUI.app; sourceTree = BUILT_PRODUCTS_DIR; };
		5E2C969925DB014E004BD4DD /* WeatherSwiftUIApp.swift */ = {isa = PBXFileReference; lastKnownFileType = sourcecode.swift; path = WeatherSwiftUIApp.swift; sourceTree = "<group>"; };
		5E2C969B25DB014E004BD4DD /* ContentView.swift */ = {isa = PBXFileReference; lastKnownFileType = sourcecode.swift; path = ContentView.swift; sourceTree = "<group>"; };
		5E2C969D25DB0152004BD4DD /* Assets.xcassets */ = {isa = PBXFileReference; lastKnownFileType = folder.assetcatalog; path = Assets.xcassets; sourceTree = "<group>"; };
		5E2C96A025DB0152004BD4DD /* Preview Assets.xcassets */ = {isa = PBXFileReference; lastKnownFileType = folder.assetcatalog; path = "Preview Assets.xcassets"; sourceTree = "<group>"; };
		5E2C96A225DB0152004BD4DD /* Info.plist */ = {isa = PBXFileReference; lastKnownFileType = text.plist.xml; path = Info.plist; sourceTree = "<group>"; };
		5E2C96AE25DBE279004BD4DD /* API.swift */ = {isa = PBXFileReference; lastKnownFileType = sourcecode.swift; path = API.swift; sourceTree = "<group>"; };
		5E2C96B225DBE377004BD4DD /* API+Extensions.swift */ = {isa = PBXFileReference; lastKnownFileType = sourcecode.swift; path = "API+Extensions.swift"; sourceTree = "<group>"; };
		5E2C96B525DC14F0004BD4DD /* NetworkManager.swift */ = {isa = PBXFileReference; lastKnownFileType = sourcecode.swift; path = NetworkManager.swift; sourceTree = "<group>"; };
		5E2C96B825DC6682004BD4DD /* WeatherResponse.swift */ = {isa = PBXFileReference; lastKnownFileType = sourcecode.swift; path = WeatherResponse.swift; sourceTree = "<group>"; };
		5E2C96BB25DC6800004BD4DD /* Weather.swift */ = {isa = PBXFileReference; lastKnownFileType = sourcecode.swift; path = Weather.swift; sourceTree = "<group>"; };
		5E2C96BE25DC6822004BD4DD /* WeatherDetail.swift */ = {isa = PBXFileReference; lastKnownFileType = sourcecode.swift; path = WeatherDetail.swift; sourceTree = "<group>"; };
		5E2C96C125DC6885004BD4DD /* DailyWeather.swift */ = {isa = PBXFileReference; lastKnownFileType = sourcecode.swift; path = DailyWeather.swift; sourceTree = "<group>"; };
		5E2C96C425DC6968004BD4DD /* Temperature.swift */ = {isa = PBXFileReference; lastKnownFileType = sourcecode.swift; path = Temperature.swift; sourceTree = "<group>"; };
		5E2C96C725DD21F5004BD4DD /* CityViewModel.swift */ = {isa = PBXFileReference; lastKnownFileType = sourcecode.swift; path = CityViewModel.swift; sourceTree = "<group>"; };
		5E2C96CE25DDB0E4004BD4DD /* LottieView.swift */ = {isa = PBXFileReference; lastKnownFileType = sourcecode.swift; path = LottieView.swift; sourceTree = "<group>"; };
		5E2C96D125DE3C4F004BD4DD /* nightShowerRains.json */ = {isa = PBXFileReference; fileEncoding = 4; lastKnownFileType = text.json; path = nightShowerRains.json; sourceTree = "<group>"; };
		5E2C96D225DE3C4F004BD4DD /* daySnow.json */ = {isa = PBXFileReference; fileEncoding = 4; lastKnownFileType = text.json; path = daySnow.json; sourceTree = "<group>"; };
		5E2C96D325DE3C4F004BD4DD /* dayBrokenClouds.json */ = {isa = PBXFileReference; fileEncoding = 4; lastKnownFileType = text.json; path = dayBrokenClouds.json; sourceTree = "<group>"; };
		5E2C96D425DE3C4F004BD4DD /* dayThunderstorm.json */ = {isa = PBXFileReference; fileEncoding = 4; lastKnownFileType = text.json; path = dayThunderstorm.json; sourceTree = "<group>"; };
		5E2C96D525DE3C4F004BD4DD /* dayRain.json */ = {isa = PBXFileReference; fileEncoding = 4; lastKnownFileType = text.json; path = dayRain.json; sourceTree = "<group>"; };
		5E2C96D625DE3C4F004BD4DD /* nightClearSky.json */ = {isa = PBXFileReference; fileEncoding = 4; lastKnownFileType = text.json; path = nightClearSky.json; sourceTree = "<group>"; };
		5E2C96D725DE3C4F004BD4DD /* dayClearSky.json */ = {isa = PBXFileReference; fileEncoding = 4; lastKnownFileType = text.json; path = dayClearSky.json; sourceTree = "<group>"; };
		5E2C96D825DE3C50004BD4DD /* nightBrokenClouds.json */ = {isa = PBXFileReference; fileEncoding = 4; lastKnownFileType = text.json; path = nightBrokenClouds.json; sourceTree = "<group>"; };
		5E2C96D925DE3C50004BD4DD /* nightFewClouds.json */ = {isa = PBXFileReference; fileEncoding = 4; lastKnownFileType = text.json; path = nightFewClouds.json; sourceTree = "<group>"; };
		5E2C96DA25DE3C50004BD4DD /* dayFewClouds.json */ = {isa = PBXFileReference; fileEncoding = 4; lastKnownFileType = text.json; path = dayFewClouds.json; sourceTree = "<group>"; };
		5E2C96DB25DE3C50004BD4DD /* dayShowerRains.json */ = {isa = PBXFileReference; fileEncoding = 4; lastKnownFileType = text.json; path = dayShowerRains.json; sourceTree = "<group>"; };
		5E2C96DC25DE3C50004BD4DD /* nightScatteredClouds.json */ = {isa = PBXFileReference; fileEncoding = 4; lastKnownFileType = text.json; path = nightScatteredClouds.json; sourceTree = "<group>"; };
		5E2C96DD25DE3C50004BD4DD /* dayMist.json */ = {isa = PBXFileReference; fileEncoding = 4; lastKnownFileType = text.json; path = dayMist.json; sourceTree = "<group>"; };
		5E2C96DE25DE3C50004BD4DD /* dayScatteredClouds.json */ = {isa = PBXFileReference; fileEncoding = 4; lastKnownFileType = text.json; path = dayScatteredClouds.json; sourceTree = "<group>"; };
		5E2C96DF25DE3C50004BD4DD /* nightSnow.json */ = {isa = PBXFileReference; fileEncoding = 4; lastKnownFileType = text.json; path = nightSnow.json; sourceTree = "<group>"; };
		5E2C96E025DE3C50004BD4DD /* nightMist.json */ = {isa = PBXFileReference; fileEncoding = 4; lastKnownFileType = text.json; path = nightMist.json; sourceTree = "<group>"; };
		5E2C96E125DE3C50004BD4DD /* nightRain.json */ = {isa = PBXFileReference; fileEncoding = 4; lastKnownFileType = text.json; path = nightRain.json; sourceTree = "<group>"; };
		5E2C96E225DE3C50004BD4DD /* nightThunderstorm.json */ = {isa = PBXFileReference; fileEncoding = 4; lastKnownFileType = text.json; path = nightThunderstorm.json; sourceTree = "<group>"; };
		5E2C96F625DE52DE004BD4DD /* MenuHeaderView.swift */ = {isa = PBXFileReference; lastKnownFileType = sourcecode.swift; path = MenuHeaderView.swift; sourceTree = "<group>"; };
		5E2C96F925DE5AC4004BD4DD /* CityNameView.swift */ = {isa = PBXFileReference; lastKnownFileType = sourcecode.swift; path = CityNameView.swift; sourceTree = "<group>"; };
		5E7F196825DE7BEB00A075FE /* TodayWeatherView.swift */ = {isa = PBXFileReference; lastKnownFileType = sourcecode.swift; path = TodayWeatherView.swift; sourceTree = "<group>"; };
		5E89A09A25DEBE0100F31241 /* HourlyWeatherView.swift */ = {isa = PBXFileReference; lastKnownFileType = sourcecode.swift; path = HourlyWeatherView.swift; sourceTree = "<group>"; };
/* End PBXFileReference section */

/* Begin PBXFrameworksBuildPhase section */
		5E2C969325DB014E004BD4DD /* Frameworks */ = {
			isa = PBXFrameworksBuildPhase;
			buildActionMask = 2147483647;
			files = (
				5E2C96CC25DDAC54004BD4DD /* Lottie in Frameworks */,
			);
			runOnlyForDeploymentPostprocessing = 0;
		};
/* End PBXFrameworksBuildPhase section */

/* Begin PBXGroup section */
		5E2C968D25DB014D004BD4DD = {
			isa = PBXGroup;
			children = (
				5E2C969825DB014E004BD4DD /* WeatherSwiftUI */,
				5E2C969725DB014E004BD4DD /* Products */,
			);
			sourceTree = "<group>";
		};
		5E2C969725DB014E004BD4DD /* Products */ = {
			isa = PBXGroup;
			children = (
				5E2C969625DB014E004BD4DD /* WeatherSwiftUI.app */,
			);
			name = Products;
			sourceTree = "<group>";
		};
		5E2C969825DB014E004BD4DD /* WeatherSwiftUI */ = {
			isa = PBXGroup;
			children = (
				5E2C96AD25DBE1BA004BD4DD /* LottieAnimations */,
				5E2C96AC25DBE167004BD4DD /* ViewModels */,
				5E2C96AB25DBE137004BD4DD /* Views */,
				5E2C96AA25DBE0FC004BD4DD /* Models */,
				5E2C96A925DBE0C6004BD4DD /* Networking */,
				5E2C969925DB014E004BD4DD /* WeatherSwiftUIApp.swift */,
				5E2C969B25DB014E004BD4DD /* ContentView.swift */,
				5E2C969D25DB0152004BD4DD /* Assets.xcassets */,
				5E2C96A225DB0152004BD4DD /* Info.plist */,
				5E2C969F25DB0152004BD4DD /* Preview Content */,
			);
			path = WeatherSwiftUI;
			sourceTree = "<group>";
		};
		5E2C969F25DB0152004BD4DD /* Preview Content */ = {
			isa = PBXGroup;
			children = (
				5E2C96A025DB0152004BD4DD /* Preview Assets.xcassets */,
			);
			path = "Preview Content";
			sourceTree = "<group>";
		};
		5E2C96A925DBE0C6004BD4DD /* Networking */ = {
			isa = PBXGroup;
			children = (
				5E2C96AE25DBE279004BD4DD /* API.swift */,
				5E2C96B225DBE377004BD4DD /* API+Extensions.swift */,
				5E2C96B525DC14F0004BD4DD /* NetworkManager.swift */,
			);
			path = Networking;
			sourceTree = "<group>";
		};
		5E2C96AA25DBE0FC004BD4DD /* Models */ = {
			isa = PBXGroup;
			children = (
				5E2C96B825DC6682004BD4DD /* WeatherResponse.swift */,
				5E2C96BB25DC6800004BD4DD /* Weather.swift */,
				5E2C96BE25DC6822004BD4DD /* WeatherDetail.swift */,
				5E2C96C125DC6885004BD4DD /* DailyWeather.swift */,
				5E2C96C425DC6968004BD4DD /* Temperature.swift */,
			);
			path = Models;
			sourceTree = "<group>";
		};
		5E2C96AB25DBE137004BD4DD /* Views */ = {
			isa = PBXGroup;
			children = (
				5E2C96CE25DDB0E4004BD4DD /* LottieView.swift */,
				5E2C96F625DE52DE004BD4DD /* MenuHeaderView.swift */,
				5E2C96F925DE5AC4004BD4DD /* CityNameView.swift */,
				5E7F196825DE7BEB00A075FE /* TodayWeatherView.swift */,
				5E89A09A25DEBE0100F31241 /* HourlyWeatherView.swift */,
			);
			path = Views;
			sourceTree = "<group>";
		};
		5E2C96AC25DBE167004BD4DD /* ViewModels */ = {
			isa = PBXGroup;
			children = (
				5E2C96C725DD21F5004BD4DD /* CityViewModel.swift */,
			);
			path = ViewModels;
			sourceTree = "<group>";
		};
		5E2C96AD25DBE1BA004BD4DD /* LottieAnimations */ = {
			isa = PBXGroup;
			children = (
				5E2C96D325DE3C4F004BD4DD /* dayBrokenClouds.json */,
				5E2C96D725DE3C4F004BD4DD /* dayClearSky.json */,
				5E2C96DA25DE3C50004BD4DD /* dayFewClouds.json */,
				5E2C96DD25DE3C50004BD4DD /* dayMist.json */,
				5E2C96D525DE3C4F004BD4DD /* dayRain.json */,
				5E2C96DE25DE3C50004BD4DD /* dayScatteredClouds.json */,
				5E2C96DB25DE3C50004BD4DD /* dayShowerRains.json */,
				5E2C96D225DE3C4F004BD4DD /* daySnow.json */,
				5E2C96D425DE3C4F004BD4DD /* dayThunderstorm.json */,
				5E2C96D825DE3C50004BD4DD /* nightBrokenClouds.json */,
				5E2C96D625DE3C4F004BD4DD /* nightClearSky.json */,
				5E2C96D925DE3C50004BD4DD /* nightFewClouds.json */,
				5E2C96E025DE3C50004BD4DD /* nightMist.json */,
				5E2C96E125DE3C50004BD4DD /* nightRain.json */,
				5E2C96DC25DE3C50004BD4DD /* nightScatteredClouds.json */,
				5E2C96D125DE3C4F004BD4DD /* nightShowerRains.json */,
				5E2C96DF25DE3C50004BD4DD /* nightSnow.json */,
				5E2C96E225DE3C50004BD4DD /* nightThunderstorm.json */,
			);
			path = LottieAnimations;
			sourceTree = "<group>";
		};
/* End PBXGroup section */

/* Begin PBXNativeTarget section */
		5E2C969525DB014E004BD4DD /* WeatherSwiftUI */ = {
			isa = PBXNativeTarget;
			buildConfigurationList = 5E2C96A525DB0152004BD4DD /* Build configuration list for PBXNativeTarget "WeatherSwiftUI" */;
			buildPhases = (
				5E2C969225DB014E004BD4DD /* Sources */,
				5E2C969325DB014E004BD4DD /* Frameworks */,
				5E2C969425DB014E004BD4DD /* Resources */,
			);
			buildRules = (
			);
			dependencies = (
			);
			name = WeatherSwiftUI;
			packageProductDependencies = (
				5E2C96CB25DDAC54004BD4DD /* Lottie */,
			);
			productName = WeatherSwiftUI;
			productReference = 5E2C969625DB014E004BD4DD /* WeatherSwiftUI.app */;
			productType = "com.apple.product-type.application";
		};
/* End PBXNativeTarget section */

/* Begin PBXProject section */
		5E2C968E25DB014D004BD4DD /* Project object */ = {
			isa = PBXProject;
			attributes = {
				LastSwiftUpdateCheck = 1240;
				LastUpgradeCheck = 1240;
				TargetAttributes = {
					5E2C969525DB014E004BD4DD = {
						CreatedOnToolsVersion = 12.4;
					};
				};
			};
			buildConfigurationList = 5E2C969125DB014D004BD4DD /* Build configuration list for PBXProject "WeatherSwiftUI" */;
			compatibilityVersion = "Xcode 9.3";
			developmentRegion = en;
			hasScannedForEncodings = 0;
			knownRegions = (
				en,
				Base,
			);
			mainGroup = 5E2C968D25DB014D004BD4DD;
			packageReferences = (
				5E2C96CA25DDAC54004BD4DD /* XCRemoteSwiftPackageReference "lottie-ios" */,
			);
			productRefGroup = 5E2C969725DB014E004BD4DD /* Products */;
			projectDirPath = "";
			projectRoot = "";
			targets = (
				5E2C969525DB014E004BD4DD /* WeatherSwiftUI */,
			);
		};
/* End PBXProject section */

/* Begin PBXResourcesBuildPhase section */
		5E2C969425DB014E004BD4DD /* Resources */ = {
			isa = PBXResourcesBuildPhase;
			buildActionMask = 2147483647;
			files = (
				5E2C96A125DB0152004BD4DD /* Preview Assets.xcassets in Resources */,
				5E2C96E425DE3C50004BD4DD /* daySnow.json in Resources */,
				5E2C96E825DE3C50004BD4DD /* nightClearSky.json in Resources */,
				5E2C96E325DE3C50004BD4DD /* nightShowerRains.json in Resources */,
				5E2C96F325DE3C50004BD4DD /* nightRain.json in Resources */,
				5E2C96EB25DE3C50004BD4DD /* nightFewClouds.json in Resources */,
				5E2C969E25DB0152004BD4DD /* Assets.xcassets in Resources */,
				5E2C96F025DE3C50004BD4DD /* dayScatteredClouds.json in Resources */,
				5E2C96EA25DE3C50004BD4DD /* nightBrokenClouds.json in Resources */,
				5E2C96EF25DE3C50004BD4DD /* dayMist.json in Resources */,
				5E2C96F125DE3C50004BD4DD /* nightSnow.json in Resources */,
				5E2C96ED25DE3C50004BD4DD /* dayShowerRains.json in Resources */,
				5E2C96EE25DE3C50004BD4DD /* nightScatteredClouds.json in Resources */,
				5E2C96EC25DE3C50004BD4DD /* dayFewClouds.json in Resources */,
				5E2C96E925DE3C50004BD4DD /* dayClearSky.json in Resources */,
				5E2C96F425DE3C50004BD4DD /* nightThunderstorm.json in Resources */,
				5E2C96E725DE3C50004BD4DD /* dayRain.json in Resources */,
				5E2C96E525DE3C50004BD4DD /* dayBrokenClouds.json in Resources */,
				5E2C96E625DE3C50004BD4DD /* dayThunderstorm.json in Resources */,
				5E2C96F225DE3C50004BD4DD /* nightMist.json in Resources */,
			);
			runOnlyForDeploymentPostprocessing = 0;
		};
/* End PBXResourcesBuildPhase section */

/* Begin PBXSourcesBuildPhase section */
		5E2C969225DB014E004BD4DD /* Sources */ = {
			isa = PBXSourcesBuildPhase;
			buildActionMask = 2147483647;
			files = (
				5E89A09B25DEBE0100F31241 /* HourlyWeatherView.swift in Sources */,
				5E2C96B325DBE377004BD4DD /* API+Extensions.swift in Sources */,
				5E2C96C825DD21F5004BD4DD /* CityViewModel.swift in Sources */,
				5E2C96FA25DE5AC4004BD4DD /* CityNameView.swift in Sources */,
				5E2C96BF25DC6822004BD4DD /* WeatherDetail.swift in Sources */,
				5E2C96B925DC6682004BD4DD /* WeatherResponse.swift in Sources */,
				5E2C969C25DB014E004BD4DD /* ContentView.swift in Sources */,
				5E2C96B625DC14F0004BD4DD /* NetworkManager.swift in Sources */,
				5E2C96AF25DBE279004BD4DD /* API.swift in Sources */,
				5E2C96F725DE52DE004BD4DD /* MenuHeaderView.swift in Sources */,
				5E2C969A25DB014E004BD4DD /* WeatherSwiftUIApp.swift in Sources */,
				5E2C96BC25DC6800004BD4DD /* Weather.swift in Sources */,
				5E7F196925DE7BEB00A075FE /* TodayWeatherView.swift in Sources */,
				5E2C96C525DC6968004BD4DD /* Temperature.swift in Sources */,
				5E2C96C225DC6885004BD4DD /* DailyWeather.swift in Sources */,
				5E2C96CF25DDB0E4004BD4DD /* LottieView.swift in Sources */,
			);
			runOnlyForDeploymentPostprocessing = 0;
		};
/* End PBXSourcesBuildPhase section */

/* Begin XCBuildConfiguration section */
		5E2C96A325DB0152004BD4DD /* Debug */ = {
			isa = XCBuildConfiguration;
			buildSettings = {
				ALWAYS_SEARCH_USER_PATHS = NO;
				CLANG_ANALYZER_NONNULL = YES;
				CLANG_ANALYZER_NUMBER_OBJECT_CONVERSION = YES_AGGRESSIVE;
				CLANG_CXX_LANGUAGE_STANDARD = "gnu++14";
				CLANG_CXX_LIBRARY = "libc++";
				CLANG_ENABLE_MODULES = YES;
				CLANG_ENABLE_OBJC_ARC = YES;
				CLANG_ENABLE_OBJC_WEAK = YES;
				CLANG_WARN_BLOCK_CAPTURE_AUTORELEASING = YES;
				CLANG_WARN_BOOL_CONVERSION = YES;
				CLANG_WARN_COMMA = YES;
				CLANG_WARN_CONSTANT_CONVERSION = YES;
				CLANG_WARN_DEPRECATED_OBJC_IMPLEMENTATIONS = YES;
				CLANG_WARN_DIRECT_OBJC_ISA_USAGE = YES_ERROR;
				CLANG_WARN_DOCUMENTATION_COMMENTS = YES;
				CLANG_WARN_EMPTY_BODY = YES;
				CLANG_WARN_ENUM_CONVERSION = YES;
				CLANG_WARN_INFINITE_RECURSION = YES;
				CLANG_WARN_INT_CONVERSION = YES;
				CLANG_WARN_NON_LITERAL_NULL_CONVERSION = YES;
				CLANG_WARN_OBJC_IMPLICIT_RETAIN_SELF = YES;
				CLANG_WARN_OBJC_LITERAL_CONVERSION = YES;
				CLANG_WARN_OBJC_ROOT_CLASS = YES_ERROR;
				CLANG_WARN_QUOTED_INCLUDE_IN_FRAMEWORK_HEADER = YES;
				CLANG_WARN_RANGE_LOOP_ANALYSIS = YES;
				CLANG_WARN_STRICT_PROTOTYPES = YES;
				CLANG_WARN_SUSPICIOUS_MOVE = YES;
				CLANG_WARN_UNGUARDED_AVAILABILITY = YES_AGGRESSIVE;
				CLANG_WARN_UNREACHABLE_CODE = YES;
				CLANG_WARN__DUPLICATE_METHOD_MATCH = YES;
				COPY_PHASE_STRIP = NO;
				DEBUG_INFORMATION_FORMAT = dwarf;
				ENABLE_STRICT_OBJC_MSGSEND = YES;
				ENABLE_TESTABILITY = YES;
				GCC_C_LANGUAGE_STANDARD = gnu11;
				GCC_DYNAMIC_NO_PIC = NO;
				GCC_NO_COMMON_BLOCKS = YES;
				GCC_OPTIMIZATION_LEVEL = 0;
				GCC_PREPROCESSOR_DEFINITIONS = (
					"DEBUG=1",
					"$(inherited)",
				);
				GCC_WARN_64_TO_32_BIT_CONVERSION = YES;
				GCC_WARN_ABOUT_RETURN_TYPE = YES_ERROR;
				GCC_WARN_UNDECLARED_SELECTOR = YES;
				GCC_WARN_UNINITIALIZED_AUTOS = YES_AGGRESSIVE;
				GCC_WARN_UNUSED_FUNCTION = YES;
				GCC_WARN_UNUSED_VARIABLE = YES;
				IPHONEOS_DEPLOYMENT_TARGET = 14.4;
				MTL_ENABLE_DEBUG_INFO = INCLUDE_SOURCE;
				MTL_FAST_MATH = YES;
				ONLY_ACTIVE_ARCH = YES;
				SDKROOT = iphoneos;
				SWIFT_ACTIVE_COMPILATION_CONDITIONS = DEBUG;
				SWIFT_OPTIMIZATION_LEVEL = "-Onone";
			};
			name = Debug;
		};
		5E2C96A425DB0152004BD4DD /* Release */ = {
			isa = XCBuildConfiguration;
			buildSettings = {
				ALWAYS_SEARCH_USER_PATHS = NO;
				CLANG_ANALYZER_NONNULL = YES;
				CLANG_ANALYZER_NUMBER_OBJECT_CONVERSION = YES_AGGRESSIVE;
				CLANG_CXX_LANGUAGE_STANDARD = "gnu++14";
				CLANG_CXX_LIBRARY = "libc++";
				CLANG_ENABLE_MODULES = YES;
				CLANG_ENABLE_OBJC_ARC = YES;
				CLANG_ENABLE_OBJC_WEAK = YES;
				CLANG_WARN_BLOCK_CAPTURE_AUTORELEASING = YES;
				CLANG_WARN_BOOL_CONVERSION = YES;
				CLANG_WARN_COMMA = YES;
				CLANG_WARN_CONSTANT_CONVERSION = YES;
				CLANG_WARN_DEPRECATED_OBJC_IMPLEMENTATIONS = YES;
				CLANG_WARN_DIRECT_OBJC_ISA_USAGE = YES_ERROR;
				CLANG_WARN_DOCUMENTATION_COMMENTS = YES;
				CLANG_WARN_EMPTY_BODY = YES;
				CLANG_WARN_ENUM_CONVERSION = YES;
				CLANG_WARN_INFINITE_RECURSION = YES;
				CLANG_WARN_INT_CONVERSION = YES;
				CLANG_WARN_NON_LITERAL_NULL_CONVERSION = YES;
				CLANG_WARN_OBJC_IMPLICIT_RETAIN_SELF = YES;
				CLANG_WARN_OBJC_LITERAL_CONVERSION = YES;
				CLANG_WARN_OBJC_ROOT_CLASS = YES_ERROR;
				CLANG_WARN_QUOTED_INCLUDE_IN_FRAMEWORK_HEADER = YES;
				CLANG_WARN_RANGE_LOOP_ANALYSIS = YES;
				CLANG_WARN_STRICT_PROTOTYPES = YES;
				CLANG_WARN_SUSPICIOUS_MOVE = YES;
				CLANG_WARN_UNGUARDED_AVAILABILITY = YES_AGGRESSIVE;
				CLANG_WARN_UNREACHABLE_CODE = YES;
				CLANG_WARN__DUPLICATE_METHOD_MATCH = YES;
				COPY_PHASE_STRIP = NO;
				DEBUG_INFORMATION_FORMAT = "dwarf-with-dsym";
				ENABLE_NS_ASSERTIONS = NO;
				ENABLE_STRICT_OBJC_MSGSEND = YES;
				GCC_C_LANGUAGE_STANDARD = gnu11;
				GCC_NO_COMMON_BLOCKS = YES;
				GCC_WARN_64_TO_32_BIT_CONVERSION = YES;
				GCC_WARN_ABOUT_RETURN_TYPE = YES_ERROR;
				GCC_WARN_UNDECLARED_SELECTOR = YES;
				GCC_WARN_UNINITIALIZED_AUTOS = YES_AGGRESSIVE;
				GCC_WARN_UNUSED_FUNCTION = YES;
				GCC_WARN_UNUSED_VARIABLE = YES;
				IPHONEOS_DEPLOYMENT_TARGET = 14.4;
				MTL_ENABLE_DEBUG_INFO = NO;
				MTL_FAST_MATH = YES;
				SDKROOT = iphoneos;
				SWIFT_COMPILATION_MODE = wholemodule;
				SWIFT_OPTIMIZATION_LEVEL = "-O";
				VALIDATE_PRODUCT = YES;
			};
			name = Release;
		};
		5E2C96A625DB0152004BD4DD /* Debug */ = {
			isa = XCBuildConfiguration;
			buildSettings = {
				ASSETCATALOG_COMPILER_APPICON_NAME = AppIcon;
				ASSETCATALOG_COMPILER_GLOBAL_ACCENT_COLOR_NAME = AccentColor;
				CODE_SIGN_STYLE = Automatic;
				DEVELOPMENT_ASSET_PATHS = "\"WeatherSwiftUI/Preview Content\"";
				DEVELOPMENT_TEAM = LGVM9RAH4N;
				ENABLE_PREVIEWS = YES;
				INFOPLIST_FILE = WeatherSwiftUI/Info.plist;
				IPHONEOS_DEPLOYMENT_TARGET = 14.0;
				LD_RUNPATH_SEARCH_PATHS = (
					"$(inherited)",
					"@executable_path/Frameworks",
				);
				PRODUCT_BUNDLE_IDENTIFIER = "com.yahoo-s.lukaschuk.WeatherSwiftUI";
				PRODUCT_NAME = "$(TARGET_NAME)";
				SWIFT_VERSION = 5.0;
				TARGETED_DEVICE_FAMILY = "1,2";
			};
			name = Debug;
		};
		5E2C96A725DB0152004BD4DD /* Release */ = {
			isa = XCBuildConfiguration;
			buildSettings = {
				ASSETCATALOG_COMPILER_APPICON_NAME = AppIcon;
				ASSETCATALOG_COMPILER_GLOBAL_ACCENT_COLOR_NAME = AccentColor;
				CODE_SIGN_STYLE = Automatic;
				DEVELOPMENT_ASSET_PATHS = "\"WeatherSwiftUI/Preview Content\"";
				DEVELOPMENT_TEAM = LGVM9RAH4N;
				ENABLE_PREVIEWS = YES;
				INFOPLIST_FILE = WeatherSwiftUI/Info.plist;
				IPHONEOS_DEPLOYMENT_TARGET = 14.0;
				LD_RUNPATH_SEARCH_PATHS = (
					"$(inherited)",
					"@executable_path/Frameworks",
				);
				PRODUCT_BUNDLE_IDENTIFIER = "com.yahoo-s.lukaschuk.WeatherSwiftUI";
				PRODUCT_NAME = "$(TARGET_NAME)";
				SWIFT_VERSION = 5.0;
				TARGETED_DEVICE_FAMILY = "1,2";
			};
			name = Release;
		};
/* End XCBuildConfiguration section */

/* Begin XCConfigurationList section */
		5E2C969125DB014D004BD4DD /* Build configuration list for PBXProject "WeatherSwiftUI" */ = {
			isa = XCConfigurationList;
			buildConfigurations = (
				5E2C96A325DB0152004BD4DD /* Debug */,
				5E2C96A425DB0152004BD4DD /* Release */,
			);
			defaultConfigurationIsVisible = 0;
			defaultConfigurationName = Release;
		};
		5E2C96A525DB0152004BD4DD /* Build configuration list for PBXNativeTarget "WeatherSwiftUI" */ = {
			isa = XCConfigurationList;
			buildConfigurations = (
				5E2C96A625DB0152004BD4DD /* Debug */,
				5E2C96A725DB0152004BD4DD /* Release */,
			);
			defaultConfigurationIsVisible = 0;
			defaultConfigurationName = Release;
		};
/* End XCConfigurationList section */

/* Begin XCRemoteSwiftPackageReference section */
		5E2C96CA25DDAC54004BD4DD /* XCRemoteSwiftPackageReference "lottie-ios" */ = {
			isa = XCRemoteSwiftPackageReference;
			repositoryURL = "https://github.com/airbnb/lottie-ios.git";
			requirement = {
				kind = upToNextMajorVersion;
				minimumVersion = 3.2.1;
			};
		};
/* End XCRemoteSwiftPackageReference section */

/* Begin XCSwiftPackageProductDependency section */
		5E2C96CB25DDAC54004BD4DD /* Lottie */ = {
			isa = XCSwiftPackageProductDependency;
			package = 5E2C96CA25DDAC54004BD4DD /* XCRemoteSwiftPackageReference "lottie-ios" */;
			productName = Lottie;
		};
/* End XCSwiftPackageProductDependency section */
	};
	rootObject = 5E2C968E25DB014D004BD4DD /* Project object */;
}
